
Microsoft Visual Studio Solution File, Format Version 12.00
# Visual Studio 2013
VisualStudioVersion = 12.0.30110.0
MinimumVisualStudioVersion = 10.0.40219.1
Project("{FAE04EC0-301F-11D3-BF4B-00C04F79EFBC}") = "DecisionTree", "DecisionTree\DecisionTree.csproj", "{92202C63-4223-4F49-9728-4AA971945D77}"
EndProject
Project("{FAE04EC0-301F-11D3-BF4B-00C04F79EFBC}") = "DecisionTreeTasks", "DecisionTreeTasks\DecisionTreeTasks.csproj", "{727CFE1E-63A4-4E59-AEDA-95BBE0752367}"
EndProject
Project("{FAE04EC0-301F-11D3-BF4B-00C04F79EFBC}") = "DecisionTree.UnitTest", "DecisionTree.UnitTest\DecisionTree.UnitTest.csproj", "{C52A3568-7B08-4041-B7AA-C9079710DEEB}"
EndProject
Project("{F2A71F9B-5D33-465A-A702-920D77279786}") = "FeeTree", "FeeTree\FeeTree.fsproj", "{BEC69120-0736-497B-BA1F-E669525CD6CE}"
EndProject
Global
	GlobalSection(SolutionConfigurationPlatforms) = preSolution
		Debug|Any CPU = Debug|Any CPU
		Release|Any CPU = Release|Any CPU
	EndGlobalSection
	GlobalSection(ProjectConfigurationPlatforms) = postSolution
		{92202C63-4223-4F49-9728-4AA971945D77}.Debug|Any CPU.ActiveCfg = Debug|Any CPU
		{92202C63-4223-4F49-9728-4AA971945D77}.Debug|Any CPU.Build.0 = Debug|Any CPU
		{92202C63-4223-4F49-9728-4AA971945D77}.Release|Any CPU.ActiveCfg = Release|Any CPU
		{92202C63-4223-4F49-9728-4AA971945D77}.Release|Any CPU.Build.0 = Release|Any CPU
		{727CFE1E-63A4-4E59-AEDA-95BBE0752367}.Debug|Any CPU.ActiveCfg = Debug|Any CPU
		{727CFE1E-63A4-4E59-AEDA-95BBE0752367}.Debug|Any CPU.Build.0 = Debug|Any CPU
		{727CFE1E-63A4-4E59-AEDA-95BBE0752367}.Release|Any CPU.ActiveCfg = Release|Any CPU
		{727CFE1E-63A4-4E59-AEDA-95BBE0752367}.Release|Any CPU.Build.0 = Release|Any CPU
		{C52A3568-7B08-4041-B7AA-C9079710DEEB}.Debug|Any CPU.ActiveCfg = Debug|Any CPU
		{C52A3568-7B08-4041-B7AA-C9079710DEEB}.Debug|Any CPU.Build.0 = Debug|Any CPU
		{C52A3568-7B08-4041-B7AA-C9079710DEEB}.Release|Any CPU.ActiveCfg = Release|Any CPU
		{C52A3568-7B08-4041-B7AA-C9079710DEEB}.Release|Any CPU.Build.0 = Release|Any CPU
		{BEC69120-0736-497B-BA1F-E669525CD6CE}.Debug|Any CPU.ActiveCfg = Debug|Any CPU
		{BEC69120-0736-497B-BA1F-E669525CD6CE}.Debug|Any CPU.Build.0 = Debug|Any CPU
		{BEC69120-0736-497B-BA1F-E669525CD6CE}.Release|Any CPU.ActiveCfg = Release|Any CPU
		{BEC69120-0736-497B-BA1F-E669525CD6CE}.Release|Any CPU.Build.0 = Release|Any CPU
	EndGlobalSection
	GlobalSection(SolutionProperties) = preSolution
		HideSolutionNode = FALSE
	EndGlobalSection
EndGlobal
